
Microsoft Visual Studio Solution File, Format Version 12.00
# Visual Studio Version 16
VisualStudioVersion = 16.0.33529.622
MinimumVisualStudioVersion = 10.0.40219.1
Project("{FAE04EC0-301F-11D3-BF4B-00C04F79EFBC}") = "MGPlantVilleOnline", "MGPlantVilleOnline\MGPlantVilleOnline.csproj", "{05E06698-CEFF-406B-9EC3-158FAF3EB8CE}"
EndProject
Global
	GlobalSection(SolutionConfigurationPlatforms) = preSolution
		Debug|Any CPU = Debug|Any CPU
		Release|Any CPU = Release|Any CPU
	EndGlobalSection
	GlobalSection(ProjectConfigurationPlatforms) = postSolution
		{05E06698-CEFF-406B-9EC3-158FAF3EB8CE}.Debug|Any CPU.ActiveCfg = Debug|Any CPU
		{05E06698-CEFF-406B-9EC3-158FAF3EB8CE}.Debug|Any CPU.Build.0 = Debug|Any CPU
		{05E06698-CEFF-406B-9EC3-158FAF3EB8CE}.Release|Any CPU.ActiveCfg = Release|Any CPU
		{05E06698-CEFF-406B-9EC3-158FAF3EB8CE}.Release|Any CPU.Build.0 = Release|Any CPU
	EndGlobalSection
	GlobalSection(SolutionProperties) = preSolution
		HideSolutionNode = FALSE
	EndGlobalSection
	GlobalSection(ExtensibilityGlobals) = postSolution
		SolutionGuid = {472EA2DC-EA57-4ECA-BB01-C51C6D659728}
	EndGlobalSection
EndGlobal
